
Microsoft Visual Studio Solution File, Format Version 12.00
# Visual Studio Version 17
VisualStudioVersion = 17.0.31903.59
MinimumVisualStudioVersion = 10.0.40219.1
Project("{2150E333-8FDC-42A3-9474-1A3956D46DE8}") = "src", "src", "{C2F3C2DE-F127-40D9-9EEC-FDDEEF5BCB37}"
EndProject
Project("{FAE04EC0-301F-11D3-BF4B-00C04F79EFBC}") = "Restaurant.Domain", "src\Restaurant.Domain\Restaurant.Domain.csproj", "{E9654EF9-3167-423F-8746-538D6792A2CD}"
EndProject
Project("{FAE04EC0-301F-11D3-BF4B-00C04F79EFBC}") = "Restaurant.Application", "src\Restaurant.Application\Restaurant.Application.csproj", "{C984E150-71AC-41D4-A734-8A3FE6B2232D}"
EndProject
Project("{FAE04EC0-301F-11D3-BF4B-00C04F79EFBC}") = "Restaurant.Infrastructure", "src\Restaurant.Infrastructure\Restaurant.Infrastructure.csproj", "{E67F4A44-0461-4EA9-8F04-E22BFB16ACD8}"
EndProject
Project("{FAE04EC0-301F-11D3-BF4B-00C04F79EFBC}") = "Restaurant.Web", "src\Restaurant.Web\Restaurant.Web.csproj", "{E1AB1451-CE05-4B10-91DC-A792D855209B}"
EndProject
Project("{2150E333-8FDC-42A3-9474-1A3956D46DE8}") = "tests", "tests", "{8DE980DA-BEB4-4AB5-815D-BFAC08E0672E}"
EndProject
Project("{FAE04EC0-301F-11D3-BF4B-00C04F79EFBC}") = "Restaurant.UnitTests", "tests\Restaurant.UnitTests\Restaurant.UnitTests.csproj", "{723FE7D9-78DA-4454-88A2-49EF884C6D42}"
EndProject
Global
	GlobalSection(SolutionConfigurationPlatforms) = preSolution
		Debug|Any CPU = Debug|Any CPU
		Release|Any CPU = Release|Any CPU
	EndGlobalSection
	GlobalSection(SolutionProperties) = preSolution
		HideSolutionNode = FALSE
	EndGlobalSection
	GlobalSection(ProjectConfigurationPlatforms) = postSolution
		{E9654EF9-3167-423F-8746-538D6792A2CD}.Debug|Any CPU.ActiveCfg = Debug|Any CPU
		{E9654EF9-3167-423F-8746-538D6792A2CD}.Debug|Any CPU.Build.0 = Debug|Any CPU
		{E9654EF9-3167-423F-8746-538D6792A2CD}.Release|Any CPU.ActiveCfg = Release|Any CPU
		{E9654EF9-3167-423F-8746-538D6792A2CD}.Release|Any CPU.Build.0 = Release|Any CPU
		{C984E150-71AC-41D4-A734-8A3FE6B2232D}.Debug|Any CPU.ActiveCfg = Debug|Any CPU
		{C984E150-71AC-41D4-A734-8A3FE6B2232D}.Debug|Any CPU.Build.0 = Debug|Any CPU
		{C984E150-71AC-41D4-A734-8A3FE6B2232D}.Release|Any CPU.ActiveCfg = Release|Any CPU
		{C984E150-71AC-41D4-A734-8A3FE6B2232D}.Release|Any CPU.Build.0 = Release|Any CPU
		{E67F4A44-0461-4EA9-8F04-E22BFB16ACD8}.Debug|Any CPU.ActiveCfg = Debug|Any CPU
		{E67F4A44-0461-4EA9-8F04-E22BFB16ACD8}.Debug|Any CPU.Build.0 = Debug|Any CPU
		{E67F4A44-0461-4EA9-8F04-E22BFB16ACD8}.Release|Any CPU.ActiveCfg = Release|Any CPU
		{E67F4A44-0461-4EA9-8F04-E22BFB16ACD8}.Release|Any CPU.Build.0 = Release|Any CPU
		{E1AB1451-CE05-4B10-91DC-A792D855209B}.Debug|Any CPU.ActiveCfg = Debug|Any CPU
		{E1AB1451-CE05-4B10-91DC-A792D855209B}.Debug|Any CPU.Build.0 = Debug|Any CPU
		{E1AB1451-CE05-4B10-91DC-A792D855209B}.Release|Any CPU.ActiveCfg = Release|Any CPU
		{E1AB1451-CE05-4B10-91DC-A792D855209B}.Release|Any CPU.Build.0 = Release|Any CPU
		{723FE7D9-78DA-4454-88A2-49EF884C6D42}.Debug|Any CPU.ActiveCfg = Debug|Any CPU
		{723FE7D9-78DA-4454-88A2-49EF884C6D42}.Debug|Any CPU.Build.0 = Debug|Any CPU
		{723FE7D9-78DA-4454-88A2-49EF884C6D42}.Release|Any CPU.ActiveCfg = Release|Any CPU
		{723FE7D9-78DA-4454-88A2-49EF884C6D42}.Release|Any CPU.Build.0 = Release|Any CPU
	EndGlobalSection
	GlobalSection(NestedProjects) = preSolution
		{E9654EF9-3167-423F-8746-538D6792A2CD} = {C2F3C2DE-F127-40D9-9EEC-FDDEEF5BCB37}
		{C984E150-71AC-41D4-A734-8A3FE6B2232D} = {C2F3C2DE-F127-40D9-9EEC-FDDEEF5BCB37}
		{E67F4A44-0461-4EA9-8F04-E22BFB16ACD8} = {C2F3C2DE-F127-40D9-9EEC-FDDEEF5BCB37}
		{E1AB1451-CE05-4B10-91DC-A792D855209B} = {C2F3C2DE-F127-40D9-9EEC-FDDEEF5BCB37}
		{723FE7D9-78DA-4454-88A2-49EF884C6D42} = {8DE980DA-BEB4-4AB5-815D-BFAC08E0672E}
	EndGlobalSection
EndGlobal
